// !$*UTF8*$!
{
	archiveVersion = 1;
	classes = {
	};
	objectVersion = 46;
	objects = {

/* Begin PBXAggregateTarget section */
		42720F6F163823AF008C8E63 /* all */ = {
			isa = PBXAggregateTarget;
			buildConfigurationList = 42720F70163823AF008C8E63 /* Build configuration list for PBXAggregateTarget "all" */;
			buildPhases = (
			);
			dependencies = (
				42A160C516B87E2F0007755C /* PBXTargetDependency */,
			);
			name = all;
			productName = all;
		};
/* End PBXAggregateTarget section */

/* Begin PBXBuildFile section */
		4242B60817CF8E72005D05BF /* libz.dylib in Frameworks */ = {isa = PBXBuildFile; fileRef = 42B7A9B616305C4B00BDBA8A /* libz.dylib */; };
		4242B60917CF8E72005D05BF /* libmkv.a in Frameworks */ = {isa = PBXBuildFile; fileRef = 42279CB015D556F100DD63BB /* libmkv.a */; };
		4242B60A17CF8E72005D05BF /* libea.a in Frameworks */ = {isa = PBXBuildFile; fileRef = 42441B3615862C89009863BE /* libea.a */; };
		4242B61217CF8E9B005D05BF /* direct_sunspot.cpp in Sources */ = {isa = PBXBuildFile; fileRef = 4242B61017CF8E9B005D05BF /* direct_sunspot.cpp */; };
		42C7730D16F7407700EAFD8F /* sunspot.cpp in Sources */ = {isa = PBXBuildFile; fileRef = 424E4D6616BC27DE00716FFD /* sunspot.cpp */; };
		42F4EE5F16AEE80D000123A4 /* libz.dylib in Frameworks */ = {isa = PBXBuildFile; fileRef = 42B7A9B616305C4B00BDBA8A /* libz.dylib */; };
		42F4EE6016AEE80D000123A4 /* libmkv.a in Frameworks */ = {isa = PBXBuildFile; fileRef = 42279CB015D556F100DD63BB /* libmkv.a */; };
		42F4EE6116AEE80D000123A4 /* libea.a in Frameworks */ = {isa = PBXBuildFile; fileRef = 42441B3615862C89009863BE /* libea.a */; };
/* End PBXBuildFile section */

/* Begin PBXContainerItemProxy section */
		42A160C416B87E2F0007755C /* PBXContainerItemProxy */ = {
			isa = PBXContainerItemProxy;
			containerPortal = 4244196715859482009863BE /* Project object */;
			proxyType = 1;
			remoteGlobalIDString = 42F4EE5B16AEE80D000123A4;
			remoteInfo = "matrix-mkv";
		};
/* End PBXContainerItemProxy section */

/* Begin PBXCopyFilesBuildPhase section */
		4242B60B17CF8E72005D05BF /* CopyFiles */ = {
			isa = PBXCopyFilesBuildPhase;
			buildActionMask = 2147483647;
			dstPath = /usr/share/man/man1/;
			dstSubfolderSpec = 0;
			files = (
			);
			runOnlyForDeploymentPostprocessing = 1;
		};
		42F4EE6216AEE80D000123A4 /* CopyFiles */ = {
			isa = PBXCopyFilesBuildPhase;
			buildActionMask = 2147483647;
			dstPath = /usr/share/man/man1/;
			dstSubfolderSpec = 0;
			files = (
			);
			runOnlyForDeploymentPostprocessing = 1;
		};
/* End PBXCopyFilesBuildPhase section */

/* Begin PBXFileReference section */
		42279CB015D556F100DD63BB /* libmkv.a */ = {isa = PBXFileReference; lastKnownFileType = archive.ar; name = libmkv.a; path = ../DerivedData/research/Build/Products/Debug/libmkv.a; sourceTree = "<group>"; };
		4242B60017CA2A35005D05BF /* analysis.h */ = {isa = PBXFileReference; lastKnownFileType = sourcecode.c.h; path = analysis.h; sourceTree = "<group>"; };
		4242B60F17CF8E72005D05BF /* direct_sunspot */ = {isa = PBXFileReference; explicitFileType = "compiled.mach-o.executable"; includeInIndex = 0; path = direct_sunspot; sourceTree = BUILT_PRODUCTS_DIR; };
		4242B61017CF8E9B005D05BF /* direct_sunspot.cpp */ = {isa = PBXFileReference; fileEncoding = 4; lastKnownFileType = sourcecode.cpp.cpp; path = direct_sunspot.cpp; sourceTree = "<group>"; };
		42441B3615862C89009863BE /* libea.a */ = {isa = PBXFileReference; lastKnownFileType = archive.ar; name = libea.a; path = ../DerivedData/research/Build/Products/Debug/libea.a; sourceTree = "<group>"; };
		42441B3E15862E1B009863BE /* Jamroot */ = {isa = PBXFileReference; lastKnownFileType = text; path = Jamroot; sourceTree = "<group>"; };
		424E4D6616BC27DE00716FFD /* sunspot.cpp */ = {isa = PBXFileReference; lastKnownFileType = sourcecode.cpp.cpp; path = sunspot.cpp; sourceTree = "<group>"; };
		424E4D6716BC27DE00716FFD /* sunspot.h */ = {isa = PBXFileReference; lastKnownFileType = sourcecode.c.h; path = sunspot.h; sourceTree = "<group>"; };
		42706B11166AF51C003FB2E3 /* sunspot.xcconfig */ = {isa = PBXFileReference; lastKnownFileType = text.xcconfig; path = sunspot.xcconfig; sourceTree = "<group>"; };
		4281FF0316C4929F0066610C /* ealib.cfg */ = {isa = PBXFileReference; lastKnownFileType = text; path = ealib.cfg; sourceTree = "<group>"; };
		42B7A9B616305C4B00BDBA8A /* libz.dylib */ = {isa = PBXFileReference; lastKnownFileType = "compiled.mach-o.dylib"; name = libz.dylib; path = usr/lib/libz.dylib; sourceTree = SDKROOT; };
		42F4EE6616AEE80D000123A4 /* sunspot */ = {isa = PBXFileReference; explicitFileType = "compiled.mach-o.executable"; includeInIndex = 0; path = sunspot; sourceTree = BUILT_PRODUCTS_DIR; };
/* End PBXFileReference section */

/* Begin PBXFrameworksBuildPhase section */
		4242B60717CF8E72005D05BF /* Frameworks */ = {
			isa = PBXFrameworksBuildPhase;
			buildActionMask = 2147483647;
			files = (
				4242B60817CF8E72005D05BF /* libz.dylib in Frameworks */,
				4242B60917CF8E72005D05BF /* libmkv.a in Frameworks */,
				4242B60A17CF8E72005D05BF /* libea.a in Frameworks */,
			);
			runOnlyForDeploymentPostprocessing = 0;
		};
		42F4EE5E16AEE80D000123A4 /* Frameworks */ = {
			isa = PBXFrameworksBuildPhase;
			buildActionMask = 2147483647;
			files = (
				42F4EE5F16AEE80D000123A4 /* libz.dylib in Frameworks */,
				42F4EE6016AEE80D000123A4 /* libmkv.a in Frameworks */,
				42F4EE6116AEE80D000123A4 /* libea.a in Frameworks */,
			);
			runOnlyForDeploymentPostprocessing = 0;
		};
/* End PBXFrameworksBuildPhase section */

/* Begin PBXGroup section */
		4244196515859482009863BE = {
			isa = PBXGroup;
			children = (
				42441B3E15862E1B009863BE /* Jamroot */,
				42441A7A15861669009863BE /* etc */,
				424419941585961A009863BE /* lib */,
				42441A01158613F5009863BE /* src */,
				4244197115859482009863BE /* Products */,
			);
			sourceTree = "<group>";
		};
		4244197115859482009863BE /* Products */ = {
			isa = PBXGroup;
			children = (
				42F4EE6616AEE80D000123A4 /* sunspot */,
				4242B60F17CF8E72005D05BF /* direct_sunspot */,
			);
			name = Products;
			sourceTree = "<group>";
		};
		424419941585961A009863BE /* lib */ = {
			isa = PBXGroup;
			children = (
				42279CB015D556F100DD63BB /* libmkv.a */,
				42441B3615862C89009863BE /* libea.a */,
				42B7A9B616305C4B00BDBA8A /* libz.dylib */,
			);
			name = lib;
			path = ../apps;
			sourceTree = "<group>";
		};
		42441A01158613F5009863BE /* src */ = {
			isa = PBXGroup;
			children = (
				4242B60017CA2A35005D05BF /* analysis.h */,
				424E4D6616BC27DE00716FFD /* sunspot.cpp */,
				4242B61017CF8E9B005D05BF /* direct_sunspot.cpp */,
				424E4D6716BC27DE00716FFD /* sunspot.h */,
			);
			path = src;
			sourceTree = "<group>";
		};
		42441A7A15861669009863BE /* etc */ = {
			isa = PBXGroup;
			children = (
				4281FF0316C4929F0066610C /* ealib.cfg */,
				42706B11166AF51C003FB2E3 /* sunspot.xcconfig */,
			);
			path = etc;
			sourceTree = "<group>";
		};
/* End PBXGroup section */

/* Begin PBXNativeTarget section */
		4242B60417CF8E72005D05BF /* direct_sunspot */ = {
			isa = PBXNativeTarget;
			buildConfigurationList = 4242B60C17CF8E72005D05BF /* Build configuration list for PBXNativeTarget "direct_sunspot" */;
			buildPhases = (
				4242B60517CF8E72005D05BF /* Sources */,
				4242B60717CF8E72005D05BF /* Frameworks */,
				4242B60B17CF8E72005D05BF /* CopyFiles */,
			);
			buildRules = (
			);
			dependencies = (
			);
			name = direct_sunspot;
			productName = "ocr-single";
			productReference = 4242B60F17CF8E72005D05BF /* direct_sunspot */;
			productType = "com.apple.product-type.tool";
		};
		42F4EE5B16AEE80D000123A4 /* sunspot */ = {
			isa = PBXNativeTarget;
			buildConfigurationList = 42F4EE6316AEE80D000123A4 /* Build configuration list for PBXNativeTarget "sunspot" */;
			buildPhases = (
				42F4EE5C16AEE80D000123A4 /* Sources */,
				42F4EE5E16AEE80D000123A4 /* Frameworks */,
				42F4EE6216AEE80D000123A4 /* CopyFiles */,
			);
			buildRules = (
			);
			dependencies = (
			);
			name = sunspot;
			productName = "ocr-single";
			productReference = 42F4EE6616AEE80D000123A4 /* sunspot */;
			productType = "com.apple.product-type.tool";
		};
/* End PBXNativeTarget section */

/* Begin PBXProject section */
		4244196715859482009863BE /* Project object */ = {
			isa = PBXProject;
			attributes = {
				LastUpgradeCheck = 0450;
				ORGANIZATIONNAME = "Michigan State University";
			};
			buildConfigurationList = 4244196A15859482009863BE /* Build configuration list for PBXProject "sunspot" */;
			compatibilityVersion = "Xcode 3.2";
			developmentRegion = English;
			hasScannedForEncodings = 0;
			knownRegions = (
				en,
			);
			mainGroup = 4244196515859482009863BE;
			productRefGroup = 4244197115859482009863BE /* Products */;
			projectDirPath = "";
			projectRoot = "";
			targets = (
				42720F6F163823AF008C8E63 /* all */,
				42F4EE5B16AEE80D000123A4 /* sunspot */,
				4242B60417CF8E72005D05BF /* direct_sunspot */,
			);
		};
/* End PBXProject section */

/* Begin PBXSourcesBuildPhase section */
		4242B60517CF8E72005D05BF /* Sources */ = {
			isa = PBXSourcesBuildPhase;
			buildActionMask = 2147483647;
			files = (
				4242B61217CF8E9B005D05BF /* direct_sunspot.cpp in Sources */,
			);
			runOnlyForDeploymentPostprocessing = 0;
		};
		42F4EE5C16AEE80D000123A4 /* Sources */ = {
			isa = PBXSourcesBuildPhase;
			buildActionMask = 2147483647;
			files = (
				42C7730D16F7407700EAFD8F /* sunspot.cpp in Sources */,
			);
			runOnlyForDeploymentPostprocessing = 0;
		};
/* End PBXSourcesBuildPhase section */

/* Begin PBXTargetDependency section */
		42A160C516B87E2F0007755C /* PBXTargetDependency */ = {
			isa = PBXTargetDependency;
			target = 42F4EE5B16AEE80D000123A4 /* sunspot */;
			targetProxy = 42A160C416B87E2F0007755C /* PBXContainerItemProxy */;
		};
/* End PBXTargetDependency section */

/* Begin XCBuildConfiguration section */
		4242B60D17CF8E72005D05BF /* Debug */ = {
			isa = XCBuildConfiguration;
			buildSettings = {
				LIBRARY_SEARCH_PATHS = (
					"$(inherited)",
					"\"$(SRCROOT)/../DerivedData/research/Build/Products/Debug\"",
				);
				PRODUCT_NAME = $TARGET_NAME;
			};
			name = Debug;
		};
		4242B60E17CF8E72005D05BF /* Release */ = {
			isa = XCBuildConfiguration;
			buildSettings = {
				LIBRARY_SEARCH_PATHS = (
					"$(inherited)",
					"\"$(SRCROOT)/../DerivedData/research/Build/Products/Debug\"",
				);
				PRODUCT_NAME = $TARGET_NAME;
			};
			name = Release;
		};
		4244197815859482009863BE /* Debug */ = {
			isa = XCBuildConfiguration;
			baseConfigurationReference = 42706B11166AF51C003FB2E3 /* sunspot.xcconfig */;
			buildSettings = {
				ALWAYS_SEARCH_USER_PATHS = NO;
				ARCHS = "$(ARCHS_STANDARD_64_BIT)";
				COPY_PHASE_STRIP = NO;
				GCC_DYNAMIC_NO_PIC = NO;
				GCC_ENABLE_OBJC_EXCEPTIONS = YES;
				GCC_OPTIMIZATION_LEVEL = 0;
				GCC_PREPROCESSOR_DEFINITIONS = (
					"DEBUG=1",
					"$(inherited)",
				);
				GCC_VERSION = com.apple.compilers.llvm.clang.1_0;
				MACOSX_DEPLOYMENT_TARGET = "";
				ONLY_ACTIVE_ARCH = YES;
				SDKROOT = macosx;
			};
			name = Debug;
		};
		4244197915859482009863BE /* Release */ = {
			isa = XCBuildConfiguration;
			baseConfigurationReference = 42706B11166AF51C003FB2E3 /* sunspot.xcconfig */;
			buildSettings = {
				ALWAYS_SEARCH_USER_PATHS = NO;
				ARCHS = "$(ARCHS_STANDARD_64_BIT)";
				COPY_PHASE_STRIP = YES;
				DEBUG_INFORMATION_FORMAT = "dwarf-with-dsym";
				GCC_ENABLE_OBJC_EXCEPTIONS = YES;
				GCC_VERSION = com.apple.compilers.llvm.clang.1_0;
				MACOSX_DEPLOYMENT_TARGET = "";
				SDKROOT = macosx;
			};
			name = Release;
		};
		42720F71163823AF008C8E63 /* Debug */ = {
			isa = XCBuildConfiguration;
			buildSettings = {
				COMBINE_HIDPI_IMAGES = YES;
				PRODUCT_NAME = "$(TARGET_NAME)";
			};
			name = Debug;
		};
		42720F72163823AF008C8E63 /* Release */ = {
			isa = XCBuildConfiguration;
			buildSettings = {
				COMBINE_HIDPI_IMAGES = YES;
				PRODUCT_NAME = "$(TARGET_NAME)";
			};
			name = Release;
		};
		42F4EE6416AEE80D000123A4 /* Debug */ = {
			isa = XCBuildConfiguration;
			buildSettings = {
				LIBRARY_SEARCH_PATHS = (
					"$(inherited)",
					"\"$(SRCROOT)/../DerivedData/research/Build/Products/Debug\"",
				);
				PRODUCT_NAME = $TARGET_NAME;
			};
			name = Debug;
		};
		42F4EE6516AEE80D000123A4 /* Release */ = {
			isa = XCBuildConfiguration;
			buildSettings = {
				LIBRARY_SEARCH_PATHS = (
					"$(inherited)",
					"\"$(SRCROOT)/../DerivedData/research/Build/Products/Debug\"",
				);
				PRODUCT_NAME = $TARGET_NAME;
			};
			name = Release;
		};
/* End XCBuildConfiguration section */

/* Begin XCConfigurationList section */
		4242B60C17CF8E72005D05BF /* Build configuration list for PBXNativeTarget "direct_sunspot" */ = {
			isa = XCConfigurationList;
			buildConfigurations = (
				4242B60D17CF8E72005D05BF /* Debug */,
				4242B60E17CF8E72005D05BF /* Release */,
			);
			defaultConfigurationIsVisible = 0;
			defaultConfigurationName = Release;
		};
		4244196A15859482009863BE /* Build configuration list for PBXProject "sunspot" */ = {
			isa = XCConfigurationList;
			buildConfigurations = (
				4244197815859482009863BE /* Debug */,
				4244197915859482009863BE /* Release */,
			);
			defaultConfigurationIsVisible = 0;
			defaultConfigurationName = Release;
		};
		42720F70163823AF008C8E63 /* Build configuration list for PBXAggregateTarget "all" */ = {
			isa = XCConfigurationList;
			buildConfigurations = (
				42720F71163823AF008C8E63 /* Debug */,
				42720F72163823AF008C8E63 /* Release */,
			);
			defaultConfigurationIsVisible = 0;
			defaultConfigurationName = Release;
		};
		42F4EE6316AEE80D000123A4 /* Build configuration list for PBXNativeTarget "sunspot" */ = {
			isa = XCConfigurationList;
			buildConfigurations = (
				42F4EE6416AEE80D000123A4 /* Debug */,
				42F4EE6516AEE80D000123A4 /* Release */,
			);
			defaultConfigurationIsVisible = 0;
			defaultConfigurationName = Release;
		};
/* End XCConfigurationList section */
	};
	rootObject = 4244196715859482009863BE /* Project object */;
}
